PODS:
  - GPUImage (0.1.7)
  - SnapKit (3.0.2)

DEPENDENCIES:
  - GPUImage (~> 0.1.7)
  - SnapKit (~> 3.0.2)

SPEC CHECKSUMS:
  GPUImage: 733a5f0fab92df9de1c37ba9df520a833ccb406d
  SnapKit: 2e456761aa92d4d4067a7a5594c18769d451a8ad

PODFILE CHECKSUM: cd5784813b253ec587be5b71e06e02e90ccce845

COCOAPODS: 1.2.0.beta.1
