// !$*UTF8*$!
{
	archiveVersion = 1;
	classes = {
	};
	objectVersion = 46;
	objects = {

/* Begin PBXBuildFile section */
		44E6F53D3E5BCBB8E13C85E3 /* Pods____.framework in Frameworks */ = {isa = PBXBuildFile; fileRef = 4A96D4CBF0802293CAB41F49 /* Pods____.framework */; };
		7E2A136A1E13BD6F00FFF852 /* MPCameraFilterView.swift in Sources */ = {isa = PBXBuildFile; fileRef = 7E2A13661E13BD6F00FFF852 /* MPCameraFilterView.swift */; };
		7E2A136B1E13BD6F00FFF852 /* MPFilterCell.swift in Sources */ = {isa = PBXBuildFile; fileRef = 7E2A13671E13BD6F00FFF852 /* MPFilterCell.swift */; };
		7E2A136C1E13BD6F00FFF852 /* MPFilterModel.swift in Sources */ = {isa = PBXBuildFile; fileRef = 7E2A13681E13BD6F00FFF852 /* MPFilterModel.swift */; };
		7E2A136D1E13BD6F00FFF852 /* MPFilterViewLayOut.swift in Sources */ = {isa = PBXBuildFile; fileRef = 7E2A13691E13BD6F00FFF852 /* MPFilterViewLayOut.swift */; };
		F5019E2D1E077ACD004173E6 /* AppDelegate.swift in Sources */ = {isa = PBXBuildFile; fileRef = F5019E2C1E077ACD004173E6 /* AppDelegate.swift */; };
		F5019E341E077ACD004173E6 /* Assets.xcassets in Resources */ = {isa = PBXBuildFile; fileRef = F5019E331E077ACD004173E6 /* Assets.xcassets */; };
		F5019E371E077ACD004173E6 /* LaunchScreen.storyboard in Resources */ = {isa = PBXBuildFile; fileRef = F5019E351E077ACD004173E6 /* LaunchScreen.storyboard */; };
		F52D2E5B1E113563009A35F0 /* ChooseStyleLayout.swift in Sources */ = {isa = PBXBuildFile; fileRef = F52D2E5A1E113563009A35F0 /* ChooseStyleLayout.swift */; };
		F52D2E5D1E11358E009A35F0 /* ChooseStyleCell.swift in Sources */ = {isa = PBXBuildFile; fileRef = F52D2E5C1E11358E009A35F0 /* ChooseStyleCell.swift */; };
		F52D2E5F1E1136CD009A35F0 /* WeiMeiPaiMacro.swift in Sources */ = {isa = PBXBuildFile; fileRef = F52D2E5E1E1136CD009A35F0 /* WeiMeiPaiMacro.swift */; };
		F5960B661E11049F00039AC9 /* YHBaseVC.swift in Sources */ = {isa = PBXBuildFile; fileRef = F5960B571E11049F00039AC9 /* YHBaseVC.swift */; };
		F5960B671E11049F00039AC9 /* YHNavVC.swift in Sources */ = {isa = PBXBuildFile; fileRef = F5960B581E11049F00039AC9 /* YHNavVC.swift */; };
		F5960B681E11049F00039AC9 /* beatuyCameraVC.swift in Sources */ = {isa = PBXBuildFile; fileRef = F5960B5B1E11049F00039AC9 /* beatuyCameraVC.swift */; };
		F5960B691E11049F00039AC9 /* YHLaunchView.swift in Sources */ = {isa = PBXBuildFile; fileRef = F5960B5D1E11049F00039AC9 /* YHLaunchView.swift */; };
		F5960B6A1E11049F00039AC9 /* mainViewController.swift in Sources */ = {isa = PBXBuildFile; fileRef = F5960B611E11049F00039AC9 /* mainViewController.swift */; };
		F5960B6B1E11049F00039AC9 /* Info.plist in Resources */ = {isa = PBXBuildFile; fileRef = F5960B651E11049F00039AC9 /* Info.plist */; };
		F5960B6E1E1104A700039AC9 /* UIColor+Extension.swift in Sources */ = {isa = PBXBuildFile; fileRef = F5960B6D1E1104A700039AC9 /* UIColor+Extension.swift */; };
		F5960B701E110F4C00039AC9 /* ChooseStyleView.swift in Sources */ = {isa = PBXBuildFile; fileRef = F5960B6F1E110F4C00039AC9 /* ChooseStyleView.swift */; };
		F5D078EC1E07B3A300C90A0C /* SnapKit.framework in Frameworks */ = {isa = PBXBuildFile; fileRef = F5D078EB1E07B3A300C90A0C /* SnapKit.framework */; };
		F5D078EE1E07B3A600C90A0C /* GPUImage.framework in Frameworks */ = {isa = PBXBuildFile; fileRef = F5D078ED1E07B3A600C90A0C /* GPUImage.framework */; };
/* End PBXBuildFile section */

/* Begin PBXFileReference section */
		07D2C07768D5E640B541DA71 /* Pods-唯美拍.debug.xcconfig */ = {isa = PBXFileReference; includeInIndex = 1; lastKnownFileType = text.xcconfig; name = "Pods-唯美拍.debug.xcconfig"; path = "Pods/Target Support Files/Pods-唯美拍/Pods-唯美拍.debug.xcconfig"; sourceTree = "<group>"; };
		4A96D4CBF0802293CAB41F49 /* Pods____.framework */ = {isa = PBXFileReference; explicitFileType = wrapper.framework; includeInIndex = 0; path = "Pods____.framework"; sourceTree = BUILT_PRODUCTS_DIR; };
		7E2A13661E13BD6F00FFF852 /* MPCameraFilterView.swift */ = {isa = PBXFileReference; fileEncoding = 4; lastKnownFileType = sourcecode.swift; path = MPCameraFilterView.swift; sourceTree = "<group>"; };
		7E2A13671E13BD6F00FFF852 /* MPFilterCell.swift */ = {isa = PBXFileReference; fileEncoding = 4; lastKnownFileType = sourcecode.swift; path = MPFilterCell.swift; sourceTree = "<group>"; };
		7E2A13681E13BD6F00FFF852 /* MPFilterModel.swift */ = {isa = PBXFileReference; fileEncoding = 4; lastKnownFileType = sourcecode.swift; path = MPFilterModel.swift; sourceTree = "<group>"; };
		7E2A13691E13BD6F00FFF852 /* MPFilterViewLayOut.swift */ = {isa = PBXFileReference; fileEncoding = 4; lastKnownFileType = sourcecode.swift; path = MPFilterViewLayOut.swift; sourceTree = "<group>"; };
		9F62D5AB1E4849FCF6B0B8D5 /* Pods-唯美拍.release.xcconfig */ = {isa = PBXFileReference; includeInIndex = 1; lastKnownFileType = text.xcconfig; name = "Pods-唯美拍.release.xcconfig"; path = "Pods/Target Support Files/Pods-唯美拍/Pods-唯美拍.release.xcconfig"; sourceTree = "<group>"; };
		F5019E291E077ACD004173E6 /* 唯美拍.app */ = {isa = PBXFileReference; explicitFileType = wrapper.application; includeInIndex = 0; path = "唯美拍.app"; sourceTree = BUILT_PRODUCTS_DIR; };
		F5019E2C1E077ACD004173E6 /* AppDelegate.swift */ = {isa = PBXFileReference; lastKnownFileType = sourcecode.swift; path = AppDelegate.swift; sourceTree = "<group>"; };
		F5019E331E077ACD004173E6 /* Assets.xcassets */ = {isa = PBXFileReference; lastKnownFileType = folder.assetcatalog; path = Assets.xcassets; sourceTree = "<group>"; };
		F5019E361E077ACD004173E6 /* Base */ = {isa = PBXFileReference; lastKnownFileType = file.storyboard; name = Base; path = Base.lproj/LaunchScreen.storyboard; sourceTree = "<group>"; };
		F52D2E5A1E113563009A35F0 /* ChooseStyleLayout.swift */ = {isa = PBXFileReference; fileEncoding = 4; lastKnownFileType = sourcecode.swift; path = ChooseStyleLayout.swift; sourceTree = "<group>"; };
		F52D2E5C1E11358E009A35F0 /* ChooseStyleCell.swift */ = {isa = PBXFileReference; fileEncoding = 4; lastKnownFileType = sourcecode.swift; path = ChooseStyleCell.swift; sourceTree = "<group>"; };
		F52D2E5E1E1136CD009A35F0 /* WeiMeiPaiMacro.swift */ = {isa = PBXFileReference; fileEncoding = 4; lastKnownFileType = sourcecode.swift; path = WeiMeiPaiMacro.swift; sourceTree = "<group>"; };
		F5960B571E11049F00039AC9 /* YHBaseVC.swift */ = {isa = PBXFileReference; fileEncoding = 4; lastKnownFileType = sourcecode.swift; path = YHBaseVC.swift; sourceTree = "<group>"; };
		F5960B581E11049F00039AC9 /* YHNavVC.swift */ = {isa = PBXFileReference; fileEncoding = 4; lastKnownFileType = sourcecode.swift; path = YHNavVC.swift; sourceTree = "<group>"; };
		F5960B5B1E11049F00039AC9 /* beatuyCameraVC.swift */ = {isa = PBXFileReference; fileEncoding = 4; lastKnownFileType = sourcecode.swift; path = beatuyCameraVC.swift; sourceTree = "<group>"; };
		F5960B5D1E11049F00039AC9 /* YHLaunchView.swift */ = {isa = PBXFileReference; fileEncoding = 4; lastKnownFileType = sourcecode.swift; path = YHLaunchView.swift; sourceTree = "<group>"; };
		F5960B611E11049F00039AC9 /* mainViewController.swift */ = {isa = PBXFileReference; fileEncoding = 4; lastKnownFileType = sourcecode.swift; path = mainViewController.swift; sourceTree = "<group>"; };
		F5960B651E11049F00039AC9 /* Info.plist */ = {isa = PBXFileReference; fileEncoding = 4; lastKnownFileType = text.plist.xml; path = Info.plist; sourceTree = "<group>"; };
		F5960B6D1E1104A700039AC9 /* UIColor+Extension.swift */ = {isa = PBXFileReference; fileEncoding = 4; lastKnownFileType = sourcecode.swift; path = "UIColor+Extension.swift"; sourceTree = "<group>"; };
		F5960B6F1E110F4C00039AC9 /* ChooseStyleView.swift */ = {isa = PBXFileReference; fileEncoding = 4; lastKnownFileType = sourcecode.swift; path = ChooseStyleView.swift; sourceTree = "<group>"; };
		F5D078EB1E07B3A300C90A0C /* SnapKit.framework */ = {isa = PBXFileReference; lastKnownFileType = wrapper.framework; name = SnapKit.framework; path = "../../Library/Developer/Xcode/DerivedData/唯美拍-gponizbxhucpwfftgkwthpjktlrh/Build/Products/Debug-iphonesimulator/SnapKit/SnapKit.framework"; sourceTree = "<group>"; };
		F5D078ED1E07B3A600C90A0C /* GPUImage.framework */ = {isa = PBXFileReference; lastKnownFileType = wrapper.framework; name = GPUImage.framework; path = "../../Library/Developer/Xcode/DerivedData/唯美拍-gponizbxhucpwfftgkwthpjktlrh/Build/Products/Debug-iphonesimulator/GPUImage/GPUImage.framework"; sourceTree = "<group>"; };
/* End PBXFileReference section */

/* Begin PBXFrameworksBuildPhase section */
		F5019E261E077ACD004173E6 /* Frameworks */ = {
			isa = PBXFrameworksBuildPhase;
			buildActionMask = 2147483647;
			files = (
				F5D078EE1E07B3A600C90A0C /* GPUImage.framework in Frameworks */,
				F5D078EC1E07B3A300C90A0C /* SnapKit.framework in Frameworks */,
				44E6F53D3E5BCBB8E13C85E3 /* Pods____.framework in Frameworks */,
			);
			runOnlyForDeploymentPostprocessing = 0;
		};
/* End PBXFrameworksBuildPhase section */

/* Begin PBXGroup section */
		1ECFD041E29DEE2DF98713D7 /* Frameworks */ = {
			isa = PBXGroup;
			children = (
				F5D078ED1E07B3A600C90A0C /* GPUImage.framework */,
				F5D078EB1E07B3A300C90A0C /* SnapKit.framework */,
				4A96D4CBF0802293CAB41F49 /* Pods____.framework */,
			);
			name = Frameworks;
			sourceTree = "<group>";
		};
		F5019E201E077ACD004173E6 = {
			isa = PBXGroup;
			children = (
				F5019E2B1E077ACD004173E6 /* 唯美拍 */,
				F5019E2A1E077ACD004173E6 /* Products */,
				F59112E95E55679F5356DB78 /* Pods */,
				1ECFD041E29DEE2DF98713D7 /* Frameworks */,
			);
			sourceTree = "<group>";
		};
		F5019E2A1E077ACD004173E6 /* Products */ = {
			isa = PBXGroup;
			children = (
				F5019E291E077ACD004173E6 /* 唯美拍.app */,
			);
			name = Products;
			sourceTree = "<group>";
		};
		F5019E2B1E077ACD004173E6 /* 唯美拍 */ = {
			isa = PBXGroup;
			children = (
				F5019E2C1E077ACD004173E6 /* AppDelegate.swift */,
				F5960B551E11049F00039AC9 /* Class */,
				F5960B6C1E1104A700039AC9 /* Extension */,
				F5019E331E077ACD004173E6 /* Assets.xcassets */,
				F5019E351E077ACD004173E6 /* LaunchScreen.storyboard */,
			);
			path = "唯美拍";
			sourceTree = "<group>";
		};
		F59112E95E55679F5356DB78 /* Pods */ = {
			isa = PBXGroup;
			children = (
				07D2C07768D5E640B541DA71 /* Pods-唯美拍.debug.xcconfig */,
				9F62D5AB1E4849FCF6B0B8D5 /* Pods-唯美拍.release.xcconfig */,
			);
			name = Pods;
			sourceTree = "<group>";
		};
		F5960B551E11049F00039AC9 /* Class */ = {
			isa = PBXGroup;
			children = (
				F5960B561E11049F00039AC9 /* Base */,
				F5960B591E11049F00039AC9 /* Camera */,
				F5960B5F1E11049F00039AC9 /* Main */,
				F5960B641E11049F00039AC9 /* Support */,
			);
			path = Class;
			sourceTree = "<group>";
		};
		F5960B561E11049F00039AC9 /* Base */ = {
			isa = PBXGroup;
			children = (
				F5960B571E11049F00039AC9 /* YHBaseVC.swift */,
				F5960B581E11049F00039AC9 /* YHNavVC.swift */,
			);
			path = Base;
			sourceTree = "<group>";
		};
		F5960B591E11049F00039AC9 /* Camera */ = {
			isa = PBXGroup;
			children = (
				F5960B5A1E11049F00039AC9 /* Controller */,
				F5960B5C1E11049F00039AC9 /* View */,
				F5960B5E1E11049F00039AC9 /* ViewModel */,
			);
			path = Camera;
			sourceTree = "<group>";
		};
		F5960B5A1E11049F00039AC9 /* Controller */ = {
			isa = PBXGroup;
			children = (
				F5960B5B1E11049F00039AC9 /* beatuyCameraVC.swift */,
			);
			path = Controller;
			sourceTree = "<group>";
		};
		F5960B5C1E11049F00039AC9 /* View */ = {
			isa = PBXGroup;
			children = (
				F5960B5D1E11049F00039AC9 /* YHLaunchView.swift */,
				F5960B6F1E110F4C00039AC9 /* ChooseStyleView.swift */,
				F52D2E5A1E113563009A35F0 /* ChooseStyleLayout.swift */,
				F52D2E5C1E11358E009A35F0 /* ChooseStyleCell.swift */,
				7E2A13661E13BD6F00FFF852 /* MPCameraFilterView.swift */,
				7E2A13671E13BD6F00FFF852 /* MPFilterCell.swift */,
				7E2A13681E13BD6F00FFF852 /* MPFilterModel.swift */,
				7E2A13691E13BD6F00FFF852 /* MPFilterViewLayOut.swift */,
			);
			path = View;
			sourceTree = "<group>";
		};
		F5960B5E1E11049F00039AC9 /* ViewModel */ = {
			isa = PBXGroup;
			children = (
			);
			path = ViewModel;
			sourceTree = "<group>";
		};
		F5960B5F1E11049F00039AC9 /* Main */ = {
			isa = PBXGroup;
			children = (
				F5960B601E11049F00039AC9 /* Controller */,
				F5960B621E11049F00039AC9 /* View */,
				F5960B631E11049F00039AC9 /* ViewModel */,
			);
			path = Main;
			sourceTree = "<group>";
		};
		F5960B601E11049F00039AC9 /* Controller */ = {
			isa = PBXGroup;
			children = (
				F5960B611E11049F00039AC9 /* mainViewController.swift */,
			);
			path = Controller;
			sourceTree = "<group>";
		};
		F5960B621E11049F00039AC9 /* View */ = {
			isa = PBXGroup;
			children = (
			);
			path = View;
			sourceTree = "<group>";
		};
		F5960B631E11049F00039AC9 /* ViewModel */ = {
			isa = PBXGroup;
			children = (
			);
			path = ViewModel;
			sourceTree = "<group>";
		};
		F5960B641E11049F00039AC9 /* Support */ = {
			isa = PBXGroup;
			children = (
				F5960B651E11049F00039AC9 /* Info.plist */,
			);
			path = Support;
			sourceTree = "<group>";
		};
		F5960B6C1E1104A700039AC9 /* Extension */ = {
			isa = PBXGroup;
			children = (
				F5960B6D1E1104A700039AC9 /* UIColor+Extension.swift */,
				F52D2E5E1E1136CD009A35F0 /* WeiMeiPaiMacro.swift */,
			);
			path = Extension;
			sourceTree = "<group>";
		};
/* End PBXGroup section */

/* Begin PBXNativeTarget section */
		F5019E281E077ACD004173E6 /* 唯美拍 */ = {
			isa = PBXNativeTarget;
			buildConfigurationList = F5019E3B1E077ACD004173E6 /* Build configuration list for PBXNativeTarget "唯美拍" */;
			buildPhases = (
				FCC80458273D000FF3167C91 /* [CP] Check Pods Manifest.lock */,
				D202E90E7418CC5D9FFFFC89 /* [CP] Check Pods Manifest.lock */,
				F5019E251E077ACD004173E6 /* Sources */,
				F5019E261E077ACD004173E6 /* Frameworks */,
				F5019E271E077ACD004173E6 /* Resources */,
				EC8209B8B97ECD48C088263A /* [CP] Embed Pods Frameworks */,
				4A3815EB2A64B8771CA0675D /* [CP] Copy Pods Resources */,
				AF854131B1A1BA2DE53DBCF0 /* 📦 Embed Pods Frameworks */,
				CC90815D6097313C444BF2AB /* 📦 Copy Pods Resources */,
			);
			buildRules = (
			);
			dependencies = (
			);
			name = "唯美拍";
			productName = "唯美拍";
			productReference = F5019E291E077ACD004173E6 /* 唯美拍.app */;
			productType = "com.apple.product-type.application";
		};
/* End PBXNativeTarget section */

/* Begin PBXProject section */
		F5019E211E077ACD004173E6 /* Project object */ = {
			isa = PBXProject;
			attributes = {
				LastSwiftUpdateCheck = 0820;
				LastUpgradeCheck = 0820;
				ORGANIZATIONNAME = WuYuHeng;
				TargetAttributes = {
					F5019E281E077ACD004173E6 = {
						CreatedOnToolsVersion = 8.2;
						DevelopmentTeam = 4XNXN38KSW;
						ProvisioningStyle = Manual;
					};
				};
			};
			buildConfigurationList = F5019E241E077ACD004173E6 /* Build configuration list for PBXProject "唯美拍" */;
			compatibilityVersion = "Xcode 3.2";
			developmentRegion = English;
			hasScannedForEncodings = 0;
			knownRegions = (
				en,
				Base,
			);
			mainGroup = F5019E201E077ACD004173E6;
			productRefGroup = F5019E2A1E077ACD004173E6 /* Products */;
			projectDirPath = "";
			projectRoot = "";
			targets = (
				F5019E281E077ACD004173E6 /* 唯美拍 */,
			);
		};
/* End PBXProject section */

/* Begin PBXResourcesBuildPhase section */
		F5019E271E077ACD004173E6 /* Resources */ = {
			isa = PBXResourcesBuildPhase;
			buildActionMask = 2147483647;
			files = (
				F5019E371E077ACD004173E6 /* LaunchScreen.storyboard in Resources */,
				F5019E341E077ACD004173E6 /* Assets.xcassets in Resources */,
				F5960B6B1E11049F00039AC9 /* Info.plist in Resources */,
			);
			runOnlyForDeploymentPostprocessing = 0;
		};
/* End PBXResourcesBuildPhase section */

/* Begin PBXShellScriptBuildPhase section */
		4A3815EB2A64B8771CA0675D /* [CP] Copy Pods Resources */ = {
			isa = PBXShellScriptBuildPhase;
			buildActionMask = 2147483647;
			files = (
			);
			inputPaths = (
			);
			name = "[CP] Copy Pods Resources";
			outputPaths = (
			);
			runOnlyForDeploymentPostprocessing = 0;
			shellPath = /bin/sh;
			shellScript = "\"${SRCROOT}/Pods/Target Support Files/Pods-唯美拍/Pods-唯美拍-resources.sh\"\n";
			showEnvVarsInLog = 0;
		};
		AF854131B1A1BA2DE53DBCF0 /* 📦 Embed Pods Frameworks */ = {
			isa = PBXShellScriptBuildPhase;
			buildActionMask = 2147483647;
			files = (
			);
			inputPaths = (
			);
			name = "📦 Embed Pods Frameworks";
			outputPaths = (
			);
			runOnlyForDeploymentPostprocessing = 0;
			shellPath = /bin/sh;
			shellScript = "\"${SRCROOT}/Pods/Target Support Files/Pods-唯美拍/Pods-唯美拍-frameworks.sh\"\n";
			showEnvVarsInLog = 0;
		};
		CC90815D6097313C444BF2AB /* 📦 Copy Pods Resources */ = {
			isa = PBXShellScriptBuildPhase;
			buildActionMask = 2147483647;
			files = (
			);
			inputPaths = (
			);
			name = "📦 Copy Pods Resources";
			outputPaths = (
			);
			runOnlyForDeploymentPostprocessing = 0;
			shellPath = /bin/sh;
			shellScript = "\"${SRCROOT}/Pods/Target Support Files/Pods-唯美拍/Pods-唯美拍-resources.sh\"\n";
			showEnvVarsInLog = 0;
		};
		D202E90E7418CC5D9FFFFC89 /* [CP] Check Pods Manifest.lock */ = {
			isa = PBXShellScriptBuildPhase;
			buildActionMask = 2147483647;
			files = (
			);
			inputPaths = (
			);
			name = "[CP] Check Pods Manifest.lock";
			outputPaths = (
			);
			runOnlyForDeploymentPostprocessing = 0;
			shellPath = /bin/sh;
			shellScript = "diff \"${PODS_ROOT}/../Podfile.lock\" \"${PODS_ROOT}/Manifest.lock\" > /dev/null\nif [ $? != 0 ] ; then\n    # print error to STDERR\n    echo \"error: The sandbox is not in sync with the Podfile.lock. Run 'pod install' or update your CocoaPods installation.\" >&2\n    exit 1\nfi\n";
			showEnvVarsInLog = 0;
		};
		EC8209B8B97ECD48C088263A /* [CP] Embed Pods Frameworks */ = {
			isa = PBXShellScriptBuildPhase;
			buildActionMask = 2147483647;
			files = (
			);
			inputPaths = (
			);
			name = "[CP] Embed Pods Frameworks";
			outputPaths = (
			);
			runOnlyForDeploymentPostprocessing = 0;
			shellPath = /bin/sh;
			shellScript = "\"${SRCROOT}/Pods/Target Support Files/Pods-唯美拍/Pods-唯美拍-frameworks.sh\"\n";
			showEnvVarsInLog = 0;
		};
		FCC80458273D000FF3167C91 /* [CP] Check Pods Manifest.lock */ = {
			isa = PBXShellScriptBuildPhase;
			buildActionMask = 2147483647;
			files = (
			);
			inputPaths = (
			);
			name = "[CP] Check Pods Manifest.lock";
			outputPaths = (
			);
			runOnlyForDeploymentPostprocessing = 0;
			shellPath = /bin/sh;
			shellScript = "diff \"${PODS_ROOT}/../Podfile.lock\" \"${PODS_ROOT}/Manifest.lock\" > /dev/null\nif [ $? != 0 ] ; then\n    # print error to STDERR\n    echo \"error: The sandbox is not in sync with the Podfile.lock. Run 'pod install' or update your CocoaPods installation.\" >&2\n    exit 1\nfi\n";
			showEnvVarsInLog = 0;
		};
/* End PBXShellScriptBuildPhase section */

/* Begin PBXSourcesBuildPhase section */
		F5019E251E077ACD004173E6 /* Sources */ = {
			isa = PBXSourcesBuildPhase;
			buildActionMask = 2147483647;
			files = (
				7E2A136D1E13BD6F00FFF852 /* MPFilterViewLayOut.swift in Sources */,
				F5960B6E1E1104A700039AC9 /* UIColor+Extension.swift in Sources */,
				F5960B661E11049F00039AC9 /* YHBaseVC.swift in Sources */,
				7E2A136C1E13BD6F00FFF852 /* MPFilterModel.swift in Sources */,
				7E2A136A1E13BD6F00FFF852 /* MPCameraFilterView.swift in Sources */,
				F5960B671E11049F00039AC9 /* YHNavVC.swift in Sources */,
				F5019E2D1E077ACD004173E6 /* AppDelegate.swift in Sources */,
				F5960B681E11049F00039AC9 /* beatuyCameraVC.swift in Sources */,
				F52D2E5B1E113563009A35F0 /* ChooseStyleLayout.swift in Sources */,
				F5960B701E110F4C00039AC9 /* ChooseStyleView.swift in Sources */,
				F5960B691E11049F00039AC9 /* YHLaunchView.swift in Sources */,
				F52D2E5D1E11358E009A35F0 /* ChooseStyleCell.swift in Sources */,
				F5960B6A1E11049F00039AC9 /* mainViewController.swift in Sources */,
				F52D2E5F1E1136CD009A35F0 /* WeiMeiPaiMacro.swift in Sources */,
				7E2A136B1E13BD6F00FFF852 /* MPFilterCell.swift in Sources */,
			);
			runOnlyForDeploymentPostprocessing = 0;
		};
/* End PBXSourcesBuildPhase section */

/* Begin PBXVariantGroup section */
		F5019E351E077ACD004173E6 /* LaunchScreen.storyboard */ = {
			isa = PBXVariantGroup;
			children = (
				F5019E361E077ACD004173E6 /* Base */,
			);
			name = LaunchScreen.storyboard;
			sourceTree = "<group>";
		};
/* End PBXVariantGroup section */

/* Begin XCBuildConfiguration section */
		F5019E391E077ACD004173E6 /* Debug */ = {
			isa = XCBuildConfiguration;
			buildSettings = {
				ALWAYS_SEARCH_USER_PATHS = NO;
				CLANG_ANALYZER_NONNULL = YES;
				CLANG_CXX_LANGUAGE_STANDARD = "gnu++0x";
				CLANG_CXX_LIBRARY = "libc++";
				CLANG_ENABLE_MODULES = YES;
				CLANG_ENABLE_OBJC_ARC = YES;
				CLANG_WARN_BOOL_CONVERSION = YES;
				CLANG_WARN_CONSTANT_CONVERSION = YES;
				CLANG_WARN_DIRECT_OBJC_ISA_USAGE = YES_ERROR;
				CLANG_WARN_DOCUMENTATION_COMMENTS = YES;
				CLANG_WARN_EMPTY_BODY = YES;
				CLANG_WARN_ENUM_CONVERSION = YES;
				CLANG_WARN_INFINITE_RECURSION = YES;
				CLANG_WARN_INT_CONVERSION = YES;
				CLANG_WARN_OBJC_ROOT_CLASS = YES_ERROR;
				CLANG_WARN_SUSPICIOUS_MOVE = YES;
				CLANG_WARN_UNREACHABLE_CODE = YES;
				CLANG_WARN__DUPLICATE_METHOD_MATCH = YES;
				"CODE_SIGN_IDENTITY[sdk=iphoneos*]" = "iPhone Developer";
				COPY_PHASE_STRIP = NO;
				DEBUG_INFORMATION_FORMAT = dwarf;
				ENABLE_STRICT_OBJC_MSGSEND = YES;
				ENABLE_TESTABILITY = YES;
				GCC_C_LANGUAGE_STANDARD = gnu99;
				GCC_DYNAMIC_NO_PIC = NO;
				GCC_NO_COMMON_BLOCKS = YES;
				GCC_OPTIMIZATION_LEVEL = 0;
				GCC_PREPROCESSOR_DEFINITIONS = (
					"DEBUG=1",
					"$(inherited)",
				);
				GCC_WARN_64_TO_32_BIT_CONVERSION = YES;
				GCC_WARN_ABOUT_RETURN_TYPE = YES_ERROR;
				GCC_WARN_UNDECLARED_SELECTOR = YES;
				GCC_WARN_UNINITIALIZED_AUTOS = YES_AGGRESSIVE;
				GCC_WARN_UNUSED_FUNCTION = YES;
				GCC_WARN_UNUSED_VARIABLE = YES;
				IPHONEOS_DEPLOYMENT_TARGET = 10.2;
				MTL_ENABLE_DEBUG_INFO = YES;
				ONLY_ACTIVE_ARCH = YES;
				SDKROOT = iphoneos;
				SWIFT_ACTIVE_COMPILATION_CONDITIONS = DEBUG;
				SWIFT_OPTIMIZATION_LEVEL = "-Onone";
				TARGETED_DEVICE_FAMILY = "1,2";
			};
			name = Debug;
		};
		F5019E3A1E077ACD004173E6 /* Release */ = {
			isa = XCBuildConfiguration;
			buildSettings = {
				ALWAYS_SEARCH_USER_PATHS = NO;
				CLANG_ANALYZER_NONNULL = YES;
				CLANG_CXX_LANGUAGE_STANDARD = "gnu++0x";
				CLANG_CXX_LIBRARY = "libc++";
				CLANG_ENABLE_MODULES = YES;
				CLANG_ENABLE_OBJC_ARC = YES;
				CLANG_WARN_BOOL_CONVERSION = YES;
				CLANG_WARN_CONSTANT_CONVERSION = YES;
				CLANG_WARN_DIRECT_OBJC_ISA_USAGE = YES_ERROR;
				CLANG_WARN_DOCUMENTATION_COMMENTS = YES;
				CLANG_WARN_EMPTY_BODY = YES;
				CLANG_WARN_ENUM_CONVERSION = YES;
				CLANG_WARN_INFINITE_RECURSION = YES;
				CLANG_WARN_INT_CONVERSION = YES;
				CLANG_WARN_OBJC_ROOT_CLASS = YES_ERROR;
				CLANG_WARN_SUSPICIOUS_MOVE = YES;
				CLANG_WARN_UNREACHABLE_CODE = YES;
				CLANG_WARN__DUPLICATE_METHOD_MATCH = YES;
				"CODE_SIGN_IDENTITY[sdk=iphoneos*]" = "iPhone Developer";
				COPY_PHASE_STRIP = NO;
				DEBUG_INFORMATION_FORMAT = "dwarf-with-dsym";
				ENABLE_NS_ASSERTIONS = NO;
				ENABLE_STRICT_OBJC_MSGSEND = YES;
				GCC_C_LANGUAGE_STANDARD = gnu99;
				GCC_NO_COMMON_BLOCKS = YES;
				GCC_WARN_64_TO_32_BIT_CONVERSION = YES;
				GCC_WARN_ABOUT_RETURN_TYPE = YES_ERROR;
				GCC_WARN_UNDECLARED_SELECTOR = YES;
				GCC_WARN_UNINITIALIZED_AUTOS = YES_AGGRESSIVE;
				GCC_WARN_UNUSED_FUNCTION = YES;
				GCC_WARN_UNUSED_VARIABLE = YES;
				IPHONEOS_DEPLOYMENT_TARGET = 10.2;
				MTL_ENABLE_DEBUG_INFO = NO;
				SDKROOT = iphoneos;
				SWIFT_OPTIMIZATION_LEVEL = "-Owholemodule";
				TARGETED_DEVICE_FAMILY = "1,2";
				VALIDATE_PRODUCT = YES;
			};
			name = Release;
		};
		F5019E3C1E077ACD004173E6 /* Debug */ = {
			isa = XCBuildConfiguration;
			baseConfigurationReference = 07D2C07768D5E640B541DA71 /* Pods-唯美拍.debug.xcconfig */;
			buildSettings = {
				ASSETCATALOG_COMPILER_APPICON_NAME = AppIcon;
				CODE_SIGN_IDENTITY = "iPhone Developer";
				"CODE_SIGN_IDENTITY[sdk=iphoneos*]" = "iPhone Developer";
				DEVELOPMENT_TEAM = 4XNXN38KSW;
				GCC_PREFIX_HEADER = "";
				INFOPLIST_FILE = "唯美拍/Class/Support/Info.plist";
				IPHONEOS_DEPLOYMENT_TARGET = 8.0;
				LD_RUNPATH_SEARCH_PATHS = "$(inherited) @executable_path/Frameworks";
				PRODUCT_BUNDLE_IDENTIFIER = com.yongche.iOSDriver;
				PRODUCT_NAME = "$(TARGET_NAME)";
				PROVISIONING_PROFILE = "e8f9cda9-d9c6-461b-8f39-759e992b01db";
				PROVISIONING_PROFILE_SPECIFIER = iOSDriver_dev;
				SWIFT_OBJC_BRIDGING_HEADER = "";
				SWIFT_VERSION = 3.0;
				TARGETED_DEVICE_FAMILY = 1;
			};
			name = Debug;
		};
		F5019E3D1E077ACD004173E6 /* Release */ = {
			isa = XCBuildConfiguration;
			baseConfigurationReference = 9F62D5AB1E4849FCF6B0B8D5 /* Pods-唯美拍.release.xcconfig */;
			buildSettings = {
				ASSETCATALOG_COMPILER_APPICON_NAME = AppIcon;
				CODE_SIGN_IDENTITY = "iPhone Developer";
				"CODE_SIGN_IDENTITY[sdk=iphoneos*]" = "iPhone Developer";
				DEVELOPMENT_TEAM = "";
				GCC_PREFIX_HEADER = "";
				INFOPLIST_FILE = "唯美拍/Class/Support/Info.plist";
				IPHONEOS_DEPLOYMENT_TARGET = 8.0;
				LD_RUNPATH_SEARCH_PATHS = "$(inherited) @executable_path/Frameworks";
				PRODUCT_BUNDLE_IDENTIFIER = com.yongche.iOSDriver;
				PRODUCT_NAME = "$(TARGET_NAME)";
				SWIFT_OBJC_BRIDGING_HEADER = "";
				SWIFT_VERSION = 3.0;
				TARGETED_DEVICE_FAMILY = 1;
			};
			name = Release;
		};
/* End XCBuildConfiguration section */

/* Begin XCConfigurationList section */
		F5019E241E077ACD004173E6 /* Build configuration list for PBXProject "唯美拍" */ = {
			isa = XCConfigurationList;
			buildConfigurations = (
				F5019E391E077ACD004173E6 /* Debug */,
				F5019E3A1E077ACD004173E6 /* Release */,
			);
			defaultConfigurationIsVisible = 0;
			defaultConfigurationName = Release;
		};
		F5019E3B1E077ACD004173E6 /* Build configuration list for PBXNativeTarget "唯美拍" */ = {
			isa = XCConfigurationList;
			buildConfigurations = (
				F5019E3C1E077ACD004173E6 /* Debug */,
				F5019E3D1E077ACD004173E6 /* Release */,
			);
			defaultConfigurationIsVisible = 0;
			defaultConfigurationName = Release;
		};
/* End XCConfigurationList section */
	};
	rootObject = F5019E211E077ACD004173E6 /* Project object */;
}
